// !$*UTF8*$!
{
	archiveVersion = 1;
	classes = {
	};
	objectVersion = 46;
	objects = {

/* Begin PBXBuildFile section */
		CDE984A61BF51F1B001F8A0B /* AppDelegate.swift in Sources */ = {isa = PBXBuildFile; fileRef = CDE984A51BF51F1B001F8A0B /* AppDelegate.swift */; };
		CDE984A81BF51F1B001F8A0B /* ViewController.swift in Sources */ = {isa = PBXBuildFile; fileRef = CDE984A71BF51F1B001F8A0B /* ViewController.swift */; };
		CDE984AB1BF51F1B001F8A0B /* Main.storyboard in Resources */ = {isa = PBXBuildFile; fileRef = CDE984A91BF51F1B001F8A0B /* Main.storyboard */; };
		CDE984AD1BF51F1B001F8A0B /* Assets.xcassets in Resources */ = {isa = PBXBuildFile; fileRef = CDE984AC1BF51F1B001F8A0B /* Assets.xcassets */; };
		CDE984B01BF51F1B001F8A0B /* LaunchScreen.storyboard in Resources */ = {isa = PBXBuildFile; fileRef = CDE984AE1BF51F1B001F8A0B /* LaunchScreen.storyboard */; };
/* End PBXBuildFile section */

/* Begin PBXFileReference section */
		CDE984A21BF51F1B001F8A0B /* tapper-extreme.app */ = {isa = PBXFileReference; explicitFileType = wrapper.application; includeInIndex = 0; path = "tapper-extreme.app"; sourceTree = BUILT_PRODUCTS_DIR; };
		CDE984A51BF51F1B001F8A0B /* AppDelegate.swift */ = {isa = PBXFileReference; lastKnownFileType = sourcecode.swift; path = AppDelegate.swift; sourceTree = "<group>"; };
		CDE984A71BF51F1B001F8A0B /* ViewController.swift */ = {isa = PBXFileReference; lastKnownFileType = sourcecode.swift; path = ViewController.swift; sourceTree = "<group>"; };
		CDE984AA1BF51F1B001F8A0B /* Base */ = {isa = PBXFileReference; lastKnownFileType = file.storyboard; name = Base; path = Base.lproj/Main.storyboard; sourceTree = "<group>"; };
		CDE984AC1BF51F1B001F8A0B /* Assets.xcassets */ = {isa = PBXFileReference; lastKnownFileType = folder.assetcatalog; path = Assets.xcassets; sourceTree = "<group>"; };
		CDE984AF1BF51F1B001F8A0B /* Base */ = {isa = PBXFileReference; lastKnownFileType = file.storyboard; name = Base; path = Base.lproj/LaunchScreen.storyboard; sourceTree = "<group>"; };
		CDE984B11BF51F1B001F8A0B /* Info.plist */ = {isa = PBXFileReference; lastKnownFileType = text.plist.xml; path = Info.plist; sourceTree = "<group>"; };
/* End PBXFileReference section */

/* Begin PBXFrameworksBuildPhase section */
		CDE9849F1BF51F1B001F8A0B /* Frameworks */ = {
			isa = PBXFrameworksBuildPhase;
			buildActionMask = 2147483647;
			files = (
			);
			runOnlyForDeploymentPostprocessing = 0;
		};
/* End PBXFrameworksBuildPhase section */

/* Begin PBXGroup section */
		CDE984991BF51F1B001F8A0B = {
			isa = PBXGroup;
			children = (
				CDE984A41BF51F1B001F8A0B /* tapper-extreme */,
				CDE984A31BF51F1B001F8A0B /* Products */,
			);
			sourceTree = "<group>";
		};
		CDE984A31BF51F1B001F8A0B /* Products */ = {
			isa = PBXGroup;
			children = (
				CDE984A21BF51F1B001F8A0B /* tapper-extreme.app */,
			);
			name = Products;
			sourceTree = "<group>";
		};
		CDE984A41BF51F1B001F8A0B /* tapper-extreme */ = {
			isa = PBXGroup;
			children = (
				CDE984A51BF51F1B001F8A0B /* AppDelegate.swift */,
				CDE984A71BF51F1B001F8A0B /* ViewController.swift */,
				CDE984A91BF51F1B001F8A0B /* Main.storyboard */,
				CDE984AC1BF51F1B001F8A0B /* Assets.xcassets */,
				CDE984AE1BF51F1B001F8A0B /* LaunchScreen.storyboard */,
				CDE984B11BF51F1B001F8A0B /* Info.plist */,
			);
			path = "tapper-extreme";
			sourceTree = "<group>";
		};
/* End PBXGroup section */

/* Begin PBXNativeTarget section */
		CDE984A11BF51F1B001F8A0B /* tapper-extreme */ = {
			isa = PBXNativeTarget;
			buildConfigurationList = CDE984B41BF51F1B001F8A0B /* Build configuration list for PBXNativeTarget "tapper-extreme" */;
			buildPhases = (
				CDE9849E1BF51F1B001F8A0B /* Sources */,
				CDE9849F1BF51F1B001F8A0B /* Frameworks */,
				CDE984A01BF51F1B001F8A0B /* Resources */,
			);
			buildRules = (
			);
			dependencies = (
			);
			name = "tapper-extreme";
			productName = "tapper-extreme";
			productReference = CDE984A21BF51F1B001F8A0B /* tapper-extreme.app */;
			productType = "com.apple.product-type.application";
		};
/* End PBXNativeTarget section */

/* Begin PBXProject section */
		CDE9849A1BF51F1B001F8A0B /* Project object */ = {
			isa = PBXProject;
			attributes = {
				LastUpgradeCheck = 0710;
				ORGANIZATIONNAME = "shawn murray";
				TargetAttributes = {
					CDE984A11BF51F1B001F8A0B = {
						CreatedOnToolsVersion = 7.1;
						DevelopmentTeam = YBE5448SV3;
					};
				};
			};
			buildConfigurationList = CDE9849D1BF51F1B001F8A0B /* Build configuration list for PBXProject "tapper-extreme" */;
			compatibilityVersion = "Xcode 3.2";
			developmentRegion = English;
			hasScannedForEncodings = 0;
			knownRegions = (
				en,
				Base,
			);
			mainGroup = CDE984991BF51F1B001F8A0B;
			productRefGroup = CDE984A31BF51F1B001F8A0B /* Products */;
			projectDirPath = "";
			projectRoot = "";
			targets = (
				CDE984A11BF51F1B001F8A0B /* tapper-extreme */,
			);
		};
/* End PBXProject section */

/* Begin PBXResourcesBuildPhase section */
		CDE984A01BF51F1B001F8A0B /* Resources */ = {
			isa = PBXResourcesBuildPhase;
			buildActionMask = 2147483647;
			files = (
				CDE984B01BF51F1B001F8A0B /* LaunchScreen.storyboard in Resources */,
				CDE984AD1BF51F1B001F8A0B /* Assets.xcassets in Resources */,
				CDE984AB1BF51F1B001F8A0B /* Main.storyboard in Resources */,
			);
			runOnlyForDeploymentPostprocessing = 0;
		};
/* End PBXResourcesBuildPhase section */

/* Begin PBXSourcesBuildPhase section */
		CDE9849E1BF51F1B001F8A0B /* Sources */ = {
			isa = PBXSourcesBuildPhase;
			buildActionMask = 2147483647;
			files = (
				CDE984A81BF51F1B001F8A0B /* ViewController.swift in Sources */,
				CDE984A61BF51F1B001F8A0B /* AppDelegate.swift in Sources */,
			);
			runOnlyForDeploymentPostprocessing = 0;
		};
/* End PBXSourcesBuildPhase section */

/* Begin PBXVariantGroup section */
		CDE984A91BF51F1B001F8A0B /* Main.storyboard */ = {
			isa = PBXVariantGroup;
			children = (
				CDE984AA1BF51F1B001F8A0B /* Base */,
			);
			name = Main.storyboard;
			sourceTree = "<group>";
		};
		CDE984AE1BF51F1B001F8A0B /* LaunchScreen.storyboard */ = {
			isa = PBXVariantGroup;
			children = (
				CDE984AF1BF51F1B001F8A0B /* Base */,
			);
			name = LaunchScreen.storyboard;
			sourceTree = "<group>";
		};
/* End PBXVariantGroup section */

/* Begin XCBuildConfiguration section */
		CDE984B21BF51F1B001F8A0B /* Debug */ = {
			isa = XCBuildConfiguration;
			buildSettings = {
				ALWAYS_SEARCH_USER_PATHS = NO;
				CLANG_CXX_LANGUAGE_STANDARD = "gnu++0x";
				CLANG_CXX_LIBRARY = "libc++";
				CLANG_ENABLE_MODULES = YES;
				CLANG_ENABLE_OBJC_ARC = YES;
				CLANG_WARN_BOOL_CONVERSION = YES;
				CLANG_WARN_CONSTANT_CONVERSION = YES;
				CLANG_WARN_DIRECT_OBJC_ISA_USAGE = YES_ERROR;
				CLANG_WARN_EMPTY_BODY = YES;
				CLANG_WARN_ENUM_CONVERSION = YES;
				CLANG_WARN_INT_CONVERSION = YES;
				CLANG_WARN_OBJC_ROOT_CLASS = YES_ERROR;
				CLANG_WARN_UNREACHABLE_CODE = YES;
				CLANG_WARN__DUPLICATE_METHOD_MATCH = YES;
				"CODE_SIGN_IDENTITY[sdk=iphoneos*]" = "iPhone Developer";
				COPY_PHASE_STRIP = NO;
				DEBUG_INFORMATION_FORMAT = dwarf;
				ENABLE_STRICT_OBJC_MSGSEND = YES;
				ENABLE_TESTABILITY = YES;
				GCC_C_LANGUAGE_STANDARD = gnu99;
				GCC_DYNAMIC_NO_PIC = NO;
				GCC_NO_COMMON_BLOCKS = YES;
				GCC_OPTIMIZATION_LEVEL = 0;
				GCC_PREPROCESSOR_DEFINITIONS = (
					"DEBUG=1",
					"$(inherited)",
				);
				GCC_WARN_64_TO_32_BIT_CONVERSION = YES;
				GCC_WARN_ABOUT_RETURN_TYPE = YES_ERROR;
				GCC_WARN_UNDECLARED_SELECTOR = YES;
				GCC_WARN_UNINITIALIZED_AUTOS = YES_AGGRESSIVE;
				GCC_WARN_UNUSED_FUNCTION = YES;
				GCC_WARN_UNUSED_VARIABLE = YES;
				IPHONEOS_DEPLOYMENT_TARGET = 9.1;
				MTL_ENABLE_DEBUG_INFO = YES;
				ONLY_ACTIVE_ARCH = YES;
				SDKROOT = iphoneos;
				SWIFT_OPTIMIZATION_LEVEL = "-Onone";
			};
			name = Debug;
		};
		CDE984B31BF51F1B001F8A0B /* Release */ = {
			isa = XCBuildConfiguration;
			buildSettings = {
				ALWAYS_SEARCH_USER_PATHS = NO;
				CLANG_CXX_LANGUAGE_STANDARD = "gnu++0x";
				CLANG_CXX_LIBRARY = "libc++";
				CLANG_ENABLE_MODULES = YES;
				CLANG_ENABLE_OBJC_ARC = YES;
				CLANG_WARN_BOOL_CONVERSION = YES;
				CLANG_WARN_CONSTANT_CONVERSION = YES;
				CLANG_WARN_DIRECT_OBJC_ISA_USAGE = YES_ERROR;
				CLANG_WARN_EMPTY_BODY = YES;
				CLANG_WARN_ENUM_CONVERSION = YES;
				CLANG_WARN_INT_CONVERSION = YES;
				CLANG_WARN_OBJC_ROOT_CLASS = YES_ERROR;
				CLANG_WARN_UNREACHABLE_CODE = YES;
				CLANG_WARN__DUPLICATE_METHOD_MATCH = YES;
				"CODE_SIGN_IDENTITY[sdk=iphoneos*]" = "iPhone Developer";
				COPY_PHASE_STRIP = NO;
				DEBUG_INFORMATION_FORMAT = "dwarf-with-dsym";
				ENABLE_NS_ASSERTIONS = NO;
				ENABLE_STRICT_OBJC_MSGSEND = YES;
				GCC_C_LANGUAGE_STANDARD = gnu99;
				GCC_NO_COMMON_BLOCKS = YES;
				GCC_WARN_64_TO_32_BIT_CONVERSION = YES;
				GCC_WARN_ABOUT_RETURN_TYPE = YES_ERROR;
				GCC_WARN_UNDECLARED_SELECTOR = YES;
				GCC_WARN_UNINITIALIZED_AUTOS = YES_AGGRESSIVE;
				GCC_WARN_UNUSED_FUNCTION = YES;
				GCC_WARN_UNUSED_VARIABLE = YES;
				IPHONEOS_DEPLOYMENT_TARGET = 9.1;
				MTL_ENABLE_DEBUG_INFO = NO;
				SDKROOT = iphoneos;
				VALIDATE_PRODUCT = YES;
			};
			name = Release;
		};
		CDE984B51BF51F1B001F8A0B /* Debug */ = {
			isa = XCBuildConfiguration;
			buildSettings = {
				ASSETCATALOG_COMPILER_APPICON_NAME = AppIcon;
				INFOPLIST_FILE = "tapper-extreme/Info.plist";
				LD_RUNPATH_SEARCH_PATHS = "$(inherited) @executable_path/Frameworks";
				PRODUCT_BUNDLE_IDENTIFIER = "com.Project.tapper-extreme";
				PRODUCT_NAME = "$(TARGET_NAME)";
			};
			name = Debug;
		};
		CDE984B61BF51F1B001F8A0B /* Release */ = {
			isa = XCBuildConfiguration;
			buildSettings = {
				ASSETCATALOG_COMPILER_APPICON_NAME = AppIcon;
				INFOPLIST_FILE = "tapper-extreme/Info.plist";
				LD_RUNPATH_SEARCH_PATHS = "$(inherited) @executable_path/Frameworks";
				PRODUCT_BUNDLE_IDENTIFIER = "com.Project.tapper-extreme";
				PRODUCT_NAME = "$(TARGET_NAME)";
			};
			name = Release;
		};
/* End XCBuildConfiguration section */

/* Begin XCConfigurationList section */
		CDE9849D1BF51F1B001F8A0B /* Build configuration list for PBXProject "tapper-extreme" */ = {
			isa = XCConfigurationList;
			buildConfigurations = (
				CDE984B21BF51F1B001F8A0B /* Debug */,
				CDE984B31BF51F1B001F8A0B /* Release */,
			);
			defaultConfigurationIsVisible = 0;
			defaultConfigurationName = Release;
		};
		CDE984B41BF51F1B001F8A0B /* Build configuration list for PBXNativeTarget "tapper-extreme" */ = {
			isa = XCConfigurationList;
			buildConfigurations = (
				CDE984B51BF51F1B001F8A0B /* Debug */,
				CDE984B61BF51F1B001F8A0B /* Release */,
			);
			defaultConfigurationIsVisible = 0;
		};
/* End XCConfigurationList section */
	};
	rootObject = CDE9849A1BF51F1B001F8A0B /* Project object */;
}
